
Microsoft Visual Studio Solution File, Format Version 12.00
# Visual Studio 15
VisualStudioVersion = 15.0.27004.2005
MinimumVisualStudioVersion = 10.0.40219.1
Project("{FAE04EC0-301F-11D3-BF4B-00C04F79EFBC}") = "CodeAnalyzer", "Analyzer1\Analyzer1\CodeAnalyzer.csproj", "{3398D79E-0E9A-4BED-83D0-2F6467B4432E}"
EndProject
Project("{FAE04EC0-301F-11D3-BF4B-00C04F79EFBC}") = "CodeAnalyzer.Test", "Analyzer1\Analyzer1.Test\CodeAnalyzer.Test.csproj", "{07ECE828-93D2-45EE-9548-D1D764E85EC8}"
EndProject
Project("{FAE04EC0-301F-11D3-BF4B-00C04F79EFBC}") = "CodeAnalyzer.Vsix", "Analyzer1\Analyzer1.Vsix\CodeAnalyzer.Vsix.csproj", "{37C9D238-CB75-45FF-A5D4-F633E69FC680}"
EndProject
Global
	GlobalSection(SolutionConfigurationPlatforms) = preSolution
		Debug|Any CPU = Debug|Any CPU
		Release|Any CPU = Release|Any CPU
	EndGlobalSection
	GlobalSection(ProjectConfigurationPlatforms) = postSolution
		{3398D79E-0E9A-4BED-83D0-2F6467B4432E}.Debug|Any CPU.ActiveCfg = Debug|Any CPU
		{3398D79E-0E9A-4BED-83D0-2F6467B4432E}.Debug|Any CPU.Build.0 = Debug|Any CPU
		{3398D79E-0E9A-4BED-83D0-2F6467B4432E}.Release|Any CPU.ActiveCfg = Release|Any CPU
		{3398D79E-0E9A-4BED-83D0-2F6467B4432E}.Release|Any CPU.Build.0 = Release|Any CPU
		{07ECE828-93D2-45EE-9548-D1D764E85EC8}.Debug|Any CPU.ActiveCfg = Debug|Any CPU
		{07ECE828-93D2-45EE-9548-D1D764E85EC8}.Debug|Any CPU.Build.0 = Debug|Any CPU
		{07ECE828-93D2-45EE-9548-D1D764E85EC8}.Release|Any CPU.ActiveCfg = Release|Any CPU
		{07ECE828-93D2-45EE-9548-D1D764E85EC8}.Release|Any CPU.Build.0 = Release|Any CPU
		{37C9D238-CB75-45FF-A5D4-F633E69FC680}.Debug|Any CPU.ActiveCfg = Debug|Any CPU
		{37C9D238-CB75-45FF-A5D4-F633E69FC680}.Debug|Any CPU.Build.0 = Debug|Any CPU
		{37C9D238-CB75-45FF-A5D4-F633E69FC680}.Release|Any CPU.ActiveCfg = Release|Any CPU
		{37C9D238-CB75-45FF-A5D4-F633E69FC680}.Release|Any CPU.Build.0 = Release|Any CPU
	EndGlobalSection
	GlobalSection(SolutionProperties) = preSolution
		HideSolutionNode = FALSE
	EndGlobalSection
	GlobalSection(ExtensibilityGlobals) = postSolution
		SolutionGuid = {83AE5CF4-1AA1-4862-BAE4-090834EE01BE}
	EndGlobalSection
EndGlobal
